
Microsoft Visual Studio Solution File, Format Version 12.00
# Visual Studio Version 16
VisualStudioVersion = 16.0.30413.136
MinimumVisualStudioVersion = 10.0.40219.1
Project("{FAE04EC0-301F-11D3-BF4B-00C04F79EFBC}") = "Fibonacci", "Fibonacci\Fibonacci.csproj", "{05DD7356-E4EA-4831-9403-9616C36A3563}"
EndProject
Global
	GlobalSection(SolutionConfigurationPlatforms) = preSolution
		Debug|Any CPU = Debug|Any CPU
		Release|Any CPU = Release|Any CPU
	EndGlobalSection
	GlobalSection(ProjectConfigurationPlatforms) = postSolution
		{05DD7356-E4EA-4831-9403-9616C36A3563}.Debug|Any CPU.ActiveCfg = Debug|Any CPU
		{05DD7356-E4EA-4831-9403-9616C36A3563}.Debug|Any CPU.Build.0 = Debug|Any CPU
		{05DD7356-E4EA-4831-9403-9616C36A3563}.Release|Any CPU.ActiveCfg = Release|Any CPU
		{05DD7356-E4EA-4831-9403-9616C36A3563}.Release|Any CPU.Build.0 = Release|Any CPU
	EndGlobalSection
	GlobalSection(SolutionProperties) = preSolution
		HideSolutionNode = FALSE
	EndGlobalSection
	GlobalSection(ExtensibilityGlobals) = postSolution
		SolutionGuid = {0D13126B-6C9E-438C-BB76-4978C8CF315E}
	EndGlobalSection
EndGlobal
